
Microsoft Visual Studio Solution File, Format Version 12.00
# Visual Studio Version 16
VisualStudioVersion = 16.0.29613.14
MinimumVisualStudioVersion = 10.0.40219.1
Project("{9A19103F-16F7-4668-BE54-9A1E7A4F7556}") = "EFDAL", "EFDAL.csproj", "{D37B38F2-8ED1-480A-9696-4C995CA7871B}"
EndProject
Project("{FAE04EC0-301F-11D3-BF4B-00C04F79EFBC}") = "EMC_Client", "..\EMC_Client\EMC_Client.csproj", "{C2151A37-0BFB-4D0A-A00D-D6A51CC9CC9D}"
EndProject
Global
	GlobalSection(SolutionConfigurationPlatforms) = preSolution
		Debug|Any CPU = Debug|Any CPU
		Release|Any CPU = Release|Any CPU
	EndGlobalSection
	GlobalSection(ProjectConfigurationPlatforms) = postSolution
		{D37B38F2-8ED1-480A-9696-4C995CA7871B}.Debug|Any CPU.ActiveCfg = Debug|Any CPU
		{D37B38F2-8ED1-480A-9696-4C995CA7871B}.Debug|Any CPU.Build.0 = Debug|Any CPU
		{D37B38F2-8ED1-480A-9696-4C995CA7871B}.Release|Any CPU.ActiveCfg = Release|Any CPU
		{D37B38F2-8ED1-480A-9696-4C995CA7871B}.Release|Any CPU.Build.0 = Release|Any CPU
		{C2151A37-0BFB-4D0A-A00D-D6A51CC9CC9D}.Debug|Any CPU.ActiveCfg = Debug|Any CPU
		{C2151A37-0BFB-4D0A-A00D-D6A51CC9CC9D}.Debug|Any CPU.Build.0 = Debug|Any CPU
		{C2151A37-0BFB-4D0A-A00D-D6A51CC9CC9D}.Release|Any CPU.ActiveCfg = Release|Any CPU
		{C2151A37-0BFB-4D0A-A00D-D6A51CC9CC9D}.Release|Any CPU.Build.0 = Release|Any CPU
	EndGlobalSection
	GlobalSection(SolutionProperties) = preSolution
		HideSolutionNode = FALSE
	EndGlobalSection
	GlobalSection(ExtensibilityGlobals) = postSolution
		SolutionGuid = {2572F934-1EC4-4829-806D-AEACD2821564}
	EndGlobalSection
EndGlobal
