
Microsoft Visual Studio Solution File, Format Version 12.00
# Visual Studio Version 16
VisualStudioVersion = 16.0.29613.14
MinimumVisualStudioVersion = 10.0.40219.1
Project("{9A19103F-16F7-4668-BE54-9A1E7A4F7556}") = "EFCODEDBFIRST", "EFCODEDBFIRST.csproj", "{039961DD-100B-4DBE-8FBE-0D2BEA7FF867}"
EndProject
Project("{FAE04EC0-301F-11D3-BF4B-00C04F79EFBC}") = "EFDB1", "..\EFDB1\EFDB1.csproj", "{E003F414-1D40-4122-9139-E4738E6AC843}"
EndProject
Global
	GlobalSection(SolutionConfigurationPlatforms) = preSolution
		Debug|Any CPU = Debug|Any CPU
		Release|Any CPU = Release|Any CPU
	EndGlobalSection
	GlobalSection(ProjectConfigurationPlatforms) = postSolution
		{039961DD-100B-4DBE-8FBE-0D2BEA7FF867}.Debug|Any CPU.ActiveCfg = Debug|Any CPU
		{039961DD-100B-4DBE-8FBE-0D2BEA7FF867}.Debug|Any CPU.Build.0 = Debug|Any CPU
		{039961DD-100B-4DBE-8FBE-0D2BEA7FF867}.Release|Any CPU.ActiveCfg = Release|Any CPU
		{039961DD-100B-4DBE-8FBE-0D2BEA7FF867}.Release|Any CPU.Build.0 = Release|Any CPU
		{E003F414-1D40-4122-9139-E4738E6AC843}.Debug|Any CPU.ActiveCfg = Debug|Any CPU
		{E003F414-1D40-4122-9139-E4738E6AC843}.Debug|Any CPU.Build.0 = Debug|Any CPU
		{E003F414-1D40-4122-9139-E4738E6AC843}.Release|Any CPU.ActiveCfg = Release|Any CPU
		{E003F414-1D40-4122-9139-E4738E6AC843}.Release|Any CPU.Build.0 = Release|Any CPU
	EndGlobalSection
	GlobalSection(SolutionProperties) = preSolution
		HideSolutionNode = FALSE
	EndGlobalSection
	GlobalSection(ExtensibilityGlobals) = postSolution
		SolutionGuid = {748C4457-72A5-42BB-8097-1067957B6D3C}
	EndGlobalSection
EndGlobal
